
Microsoft Visual Studio Solution File, Format Version 12.00
# Visual Studio Version 17
VisualStudioVersion = 17.8.34511.84
MinimumVisualStudioVersion = 10.0.40219.1
Project("{FAE04EC0-301F-11D3-BF4B-00C04F79EFBC}") = "Task1", "Task1.csproj", "{737B463C-0819-487D-A90C-17D8D6AAADE5}"
EndProject
Global
	GlobalSection(SolutionConfigurationPlatforms) = preSolution
		Debug|Any CPU = Debug|Any CPU
		Release|Any CPU = Release|Any CPU
	EndGlobalSection
	GlobalSection(ProjectConfigurationPlatforms) = postSolution
		{737B463C-0819-487D-A90C-17D8D6AAADE5}.Debug|Any CPU.ActiveCfg = Debug|Any CPU
		{737B463C-0819-487D-A90C-17D8D6AAADE5}.Debug|Any CPU.Build.0 = Debug|Any CPU
		{737B463C-0819-487D-A90C-17D8D6AAADE5}.Release|Any CPU.ActiveCfg = Release|Any CPU
		{737B463C-0819-487D-A90C-17D8D6AAADE5}.Release|Any CPU.Build.0 = Release|Any CPU
	EndGlobalSection
	GlobalSection(SolutionProperties) = preSolution
		HideSolutionNode = FALSE
	EndGlobalSection
	GlobalSection(ExtensibilityGlobals) = postSolution
		SolutionGuid = {A239AA77-5882-44D5-8BC3-CA16AAE62ACC}
	EndGlobalSection
EndGlobal
